{
  "name": "blockchainimages",
  "version": "1.0.0",
  "lockfileVersion": 1,
  "requires": true,
  "dependencies": {
    "dirty-chai": {
      "version": "2.0.1",
      "resolved": "https://registry.npmjs.org/dirty-chai/-/dirty-chai-2.0.1.tgz",
      "integrity": "sha512-ys79pWKvDMowIDEPC6Fig8d5THiC0DJ2gmTeGzVAoEH18J8OzLud0Jh7I9IWg3NSk8x2UocznUuFmfHCXYZx9w=="
    },
    "executioner": {
      "version": "2.0.1",
      "resolved": "https://registry.npmjs.org/executioner/-/executioner-2.0.1.tgz",
      "integrity": "sha1-rdMo4DvEXdWY81j7tSn8C+Dsb80=",
      "dev": true,
      "requires": {
        "mixly": "1.0.0"
      }
    },
    "fulcon": {
      "version": "1.0.2",
      "resolved": "https://registry.npmjs.org/fulcon/-/fulcon-1.0.2.tgz",
      "integrity": "sha1-ik39pMc/zZzGKnnVBFw5K0VUcyA=",
      "dev": true
    },
    "install-peers": {
      "version": "1.0.2",
      "resolved": "https://registry.npmjs.org/install-peers/-/install-peers-1.0.2.tgz",
      "integrity": "sha1-yt8UuMb8z+b5TupQZVp0S/20Ecs=",
      "dev": true,
      "requires": {
        "executioner": "2.0.1"
      }
    },
    "mixly": {
      "version": "1.0.0",
      "resolved": "https://registry.npmjs.org/mixly/-/mixly-1.0.0.tgz",
      "integrity": "sha1-m1ouH2Pm37oNMOZ5f/rmKrHcJO8=",
      "dev": true,
      "requires": {
        "fulcon": "1.0.2"
      }
    }
  }
}
